
Microsoft Visual Studio Solution File, Format Version 12.00
# Visual Studio Version 16
VisualStudioVersion = 16.0.30503.244
MinimumVisualStudioVersion = 10.0.40219.1
Project("{FAE04EC0-301F-11D3-BF4B-00C04F79EFBC}") = "laba13", "laba13\laba13.csproj", "{3990E57B-73E4-462A-AB5F-1A504B1C79A9}"
EndProject
Global
	GlobalSection(SolutionConfigurationPlatforms) = preSolution
		Debug|Any CPU = Debug|Any CPU
		Release|Any CPU = Release|Any CPU
	EndGlobalSection
	GlobalSection(ProjectConfigurationPlatforms) = postSolution
		{3990E57B-73E4-462A-AB5F-1A504B1C79A9}.Debug|Any CPU.ActiveCfg = Debug|Any CPU
		{3990E57B-73E4-462A-AB5F-1A504B1C79A9}.Debug|Any CPU.Build.0 = Debug|Any CPU
		{3990E57B-73E4-462A-AB5F-1A504B1C79A9}.Release|Any CPU.ActiveCfg = Release|Any CPU
		{3990E57B-73E4-462A-AB5F-1A504B1C79A9}.Release|Any CPU.Build.0 = Release|Any CPU
	EndGlobalSection
	GlobalSection(SolutionProperties) = preSolution
		HideSolutionNode = FALSE
	EndGlobalSection
	GlobalSection(ExtensibilityGlobals) = postSolution
		SolutionGuid = {FE92C43C-9C9C-4917-914E-C201B669C642}
	EndGlobalSection
EndGlobal
